// !$*UTF8*$!
{
	archiveVersion = 1;
	classes = {
	};
	objectVersion = 46;
	objects = {

/* Begin PBXBuildFile section */
		E1DF529C1A006DDC00ACEF6F /* AppDelegate.swift in Sources */ = {isa = PBXBuildFile; fileRef = E1DF529B1A006DDC00ACEF6F /* AppDelegate.swift */; };
		E1DF529E1A006DDC00ACEF6F /* ViewController.swift in Sources */ = {isa = PBXBuildFile; fileRef = E1DF529D1A006DDC00ACEF6F /* ViewController.swift */; };
		E1DF52A11A006DDC00ACEF6F /* Main.storyboard in Resources */ = {isa = PBXBuildFile; fileRef = E1DF529F1A006DDC00ACEF6F /* Main.storyboard */; };
		E1DF52A31A006DDC00ACEF6F /* Images.xcassets in Resources */ = {isa = PBXBuildFile; fileRef = E1DF52A21A006DDC00ACEF6F /* Images.xcassets */; };
		E1DF52A61A006DDC00ACEF6F /* LaunchScreen.xib in Resources */ = {isa = PBXBuildFile; fileRef = E1DF52A41A006DDC00ACEF6F /* LaunchScreen.xib */; };
		E1DF52B21A006DDC00ACEF6F /* Breaker_4_9Tests.swift in Sources */ = {isa = PBXBuildFile; fileRef = E1DF52B11A006DDC00ACEF6F /* Breaker_4_9Tests.swift */; };
		E1DF52BC1A0070CB00ACEF6F /* MultipeerConnectivity.framework in Frameworks */ = {isa = PBXBuildFile; fileRef = E1DF52BB1A0070CB00ACEF6F /* MultipeerConnectivity.framework */; };
		E1DF52BE1A0070FB00ACEF6F /* AVFoundation.framework in Frameworks */ = {isa = PBXBuildFile; fileRef = E1DF52BD1A0070FB00ACEF6F /* AVFoundation.framework */; };
/* End PBXBuildFile section */

/* Begin PBXContainerItemProxy section */
		E1DF52AC1A006DDC00ACEF6F /* PBXContainerItemProxy */ = {
			isa = PBXContainerItemProxy;
			containerPortal = E1DF528E1A006DDC00ACEF6F /* Project object */;
			proxyType = 1;
			remoteGlobalIDString = E1DF52951A006DDC00ACEF6F;
			remoteInfo = "Breaker-4-9";
		};
/* End PBXContainerItemProxy section */

/* Begin PBXFileReference section */
		E1DF52961A006DDC00ACEF6F /* Breaker-4-9.app */ = {isa = PBXFileReference; explicitFileType = wrapper.application; includeInIndex = 0; path = "Breaker-4-9.app"; sourceTree = BUILT_PRODUCTS_DIR; };
		E1DF529A1A006DDC00ACEF6F /* Info.plist */ = {isa = PBXFileReference; lastKnownFileType = text.plist.xml; path = Info.plist; sourceTree = "<group>"; };
		E1DF529B1A006DDC00ACEF6F /* AppDelegate.swift */ = {isa = PBXFileReference; lastKnownFileType = sourcecode.swift; path = AppDelegate.swift; sourceTree = "<group>"; };
		E1DF529D1A006DDC00ACEF6F /* ViewController.swift */ = {isa = PBXFileReference; lastKnownFileType = sourcecode.swift; path = ViewController.swift; sourceTree = "<group>"; };
		E1DF52A01A006DDC00ACEF6F /* Base */ = {isa = PBXFileReference; lastKnownFileType = file.storyboard; name = Base; path = Base.lproj/Main.storyboard; sourceTree = "<group>"; };
		E1DF52A21A006DDC00ACEF6F /* Images.xcassets */ = {isa = PBXFileReference; lastKnownFileType = folder.assetcatalog; path = Images.xcassets; sourceTree = "<group>"; };
		E1DF52A51A006DDC00ACEF6F /* Base */ = {isa = PBXFileReference; lastKnownFileType = file.xib; name = Base; path = Base.lproj/LaunchScreen.xib; sourceTree = "<group>"; };
		E1DF52AB1A006DDC00ACEF6F /* Breaker-4-9Tests.xctest */ = {isa = PBXFileReference; explicitFileType = wrapper.cfbundle; includeInIndex = 0; path = "Breaker-4-9Tests.xctest"; sourceTree = BUILT_PRODUCTS_DIR; };
		E1DF52B01A006DDC00ACEF6F /* Info.plist */ = {isa = PBXFileReference; lastKnownFileType = text.plist.xml; path = Info.plist; sourceTree = "<group>"; };
		E1DF52B11A006DDC00ACEF6F /* Breaker_4_9Tests.swift */ = {isa = PBXFileReference; lastKnownFileType = sourcecode.swift; path = Breaker_4_9Tests.swift; sourceTree = "<group>"; };
		E1DF52BB1A0070CB00ACEF6F /* MultipeerConnectivity.framework */ = {isa = PBXFileReference; lastKnownFileType = wrapper.framework; name = MultipeerConnectivity.framework; path = System/Library/Frameworks/MultipeerConnectivity.framework; sourceTree = SDKROOT; };
		E1DF52BD1A0070FB00ACEF6F /* AVFoundation.framework */ = {isa = PBXFileReference; lastKnownFileType = wrapper.framework; name = AVFoundation.framework; path = System/Library/Frameworks/AVFoundation.framework; sourceTree = SDKROOT; };
/* End PBXFileReference section */

/* Begin PBXFrameworksBuildPhase section */
		E1DF52931A006DDC00ACEF6F /* Frameworks */ = {
			isa = PBXFrameworksBuildPhase;
			buildActionMask = 2147483647;
			files = (
				E1DF52BE1A0070FB00ACEF6F /* AVFoundation.framework in Frameworks */,
				E1DF52BC1A0070CB00ACEF6F /* MultipeerConnectivity.framework in Frameworks */,
			);
			runOnlyForDeploymentPostprocessing = 0;
		};
		E1DF52A81A006DDC00ACEF6F /* Frameworks */ = {
			isa = PBXFrameworksBuildPhase;
			buildActionMask = 2147483647;
			files = (
			);
			runOnlyForDeploymentPostprocessing = 0;
		};
/* End PBXFrameworksBuildPhase section */

/* Begin PBXGroup section */
		E1DF528D1A006DDC00ACEF6F = {
			isa = PBXGroup;
			children = (
				E1DF52BD1A0070FB00ACEF6F /* AVFoundation.framework */,
				E1DF52BB1A0070CB00ACEF6F /* MultipeerConnectivity.framework */,
				E1DF52981A006DDC00ACEF6F /* Breaker-4-9 */,
				E1DF52AE1A006DDC00ACEF6F /* Breaker-4-9Tests */,
				E1DF52971A006DDC00ACEF6F /* Products */,
			);
			sourceTree = "<group>";
		};
		E1DF52971A006DDC00ACEF6F /* Products */ = {
			isa = PBXGroup;
			children = (
				E1DF52961A006DDC00ACEF6F /* Breaker-4-9.app */,
				E1DF52AB1A006DDC00ACEF6F /* Breaker-4-9Tests.xctest */,
			);
			name = Products;
			sourceTree = "<group>";
		};
		E1DF52981A006DDC00ACEF6F /* Breaker-4-9 */ = {
			isa = PBXGroup;
			children = (
				E1DF529B1A006DDC00ACEF6F /* AppDelegate.swift */,
				E1DF529D1A006DDC00ACEF6F /* ViewController.swift */,
				E1DF529F1A006DDC00ACEF6F /* Main.storyboard */,
				E1DF52A21A006DDC00ACEF6F /* Images.xcassets */,
				E1DF52A41A006DDC00ACEF6F /* LaunchScreen.xib */,
				E1DF52991A006DDC00ACEF6F /* Supporting Files */,
			);
			path = "Breaker-4-9";
			sourceTree = "<group>";
		};
		E1DF52991A006DDC00ACEF6F /* Supporting Files */ = {
			isa = PBXGroup;
			children = (
				E1DF529A1A006DDC00ACEF6F /* Info.plist */,
			);
			name = "Supporting Files";
			sourceTree = "<group>";
		};
		E1DF52AE1A006DDC00ACEF6F /* Breaker-4-9Tests */ = {
			isa = PBXGroup;
			children = (
				E1DF52B11A006DDC00ACEF6F /* Breaker_4_9Tests.swift */,
				E1DF52AF1A006DDC00ACEF6F /* Supporting Files */,
			);
			path = "Breaker-4-9Tests";
			sourceTree = "<group>";
		};
		E1DF52AF1A006DDC00ACEF6F /* Supporting Files */ = {
			isa = PBXGroup;
			children = (
				E1DF52B01A006DDC00ACEF6F /* Info.plist */,
			);
			name = "Supporting Files";
			sourceTree = "<group>";
		};
/* End PBXGroup section */

/* Begin PBXNativeTarget section */
		E1DF52951A006DDC00ACEF6F /* Breaker-4-9 */ = {
			isa = PBXNativeTarget;
			buildConfigurationList = E1DF52B51A006DDC00ACEF6F /* Build configuration list for PBXNativeTarget "Breaker-4-9" */;
			buildPhases = (
				E1DF52921A006DDC00ACEF6F /* Sources */,
				E1DF52931A006DDC00ACEF6F /* Frameworks */,
				E1DF52941A006DDC00ACEF6F /* Resources */,
			);
			buildRules = (
			);
			dependencies = (
			);
			name = "Breaker-4-9";
			productName = "Breaker-4-9";
			productReference = E1DF52961A006DDC00ACEF6F /* Breaker-4-9.app */;
			productType = "com.apple.product-type.application";
		};
		E1DF52AA1A006DDC00ACEF6F /* Breaker-4-9Tests */ = {
			isa = PBXNativeTarget;
			buildConfigurationList = E1DF52B81A006DDC00ACEF6F /* Build configuration list for PBXNativeTarget "Breaker-4-9Tests" */;
			buildPhases = (
				E1DF52A71A006DDC00ACEF6F /* Sources */,
				E1DF52A81A006DDC00ACEF6F /* Frameworks */,
				E1DF52A91A006DDC00ACEF6F /* Resources */,
			);
			buildRules = (
			);
			dependencies = (
				E1DF52AD1A006DDC00ACEF6F /* PBXTargetDependency */,
			);
			name = "Breaker-4-9Tests";
			productName = "Breaker-4-9Tests";
			productReference = E1DF52AB1A006DDC00ACEF6F /* Breaker-4-9Tests.xctest */;
			productType = "com.apple.product-type.bundle.unit-test";
		};
/* End PBXNativeTarget section */

/* Begin PBXProject section */
		E1DF528E1A006DDC00ACEF6F /* Project object */ = {
			isa = PBXProject;
			attributes = {
				LastUpgradeCheck = 0600;
				ORGANIZATIONNAME = "Breaker-4-9";
				TargetAttributes = {
					E1DF52951A006DDC00ACEF6F = {
						CreatedOnToolsVersion = 6.0;
					};
					E1DF52AA1A006DDC00ACEF6F = {
						CreatedOnToolsVersion = 6.0;
						TestTargetID = E1DF52951A006DDC00ACEF6F;
					};
				};
			};
			buildConfigurationList = E1DF52911A006DDC00ACEF6F /* Build configuration list for PBXProject "Breaker-4-9" */;
			compatibilityVersion = "Xcode 3.2";
			developmentRegion = English;
			hasScannedForEncodings = 0;
			knownRegions = (
				en,
				Base,
			);
			mainGroup = E1DF528D1A006DDC00ACEF6F;
			productRefGroup = E1DF52971A006DDC00ACEF6F /* Products */;
			projectDirPath = "";
			projectRoot = "";
			targets = (
				E1DF52951A006DDC00ACEF6F /* Breaker-4-9 */,
				E1DF52AA1A006DDC00ACEF6F /* Breaker-4-9Tests */,
			);
		};
/* End PBXProject section */

/* Begin PBXResourcesBuildPhase section */
		E1DF52941A006DDC00ACEF6F /* Resources */ = {
			isa = PBXResourcesBuildPhase;
			buildActionMask = 2147483647;
			files = (
				E1DF52A11A006DDC00ACEF6F /* Main.storyboard in Resources */,
				E1DF52A61A006DDC00ACEF6F /* LaunchScreen.xib in Resources */,
				E1DF52A31A006DDC00ACEF6F /* Images.xcassets in Resources */,
			);
			runOnlyForDeploymentPostprocessing = 0;
		};
		E1DF52A91A006DDC00ACEF6F /* Resources */ = {
			isa = PBXResourcesBuildPhase;
			buildActionMask = 2147483647;
			files = (
			);
			runOnlyForDeploymentPostprocessing = 0;
		};
/* End PBXResourcesBuildPhase section */

/* Begin PBXSourcesBuildPhase section */
		E1DF52921A006DDC00ACEF6F /* Sources */ = {
			isa = PBXSourcesBuildPhase;
			buildActionMask = 2147483647;
			files = (
				E1DF529E1A006DDC00ACEF6F /* ViewController.swift in Sources */,
				E1DF529C1A006DDC00ACEF6F /* AppDelegate.swift in Sources */,
			);
			runOnlyForDeploymentPostprocessing = 0;
		};
		E1DF52A71A006DDC00ACEF6F /* Sources */ = {
			isa = PBXSourcesBuildPhase;
			buildActionMask = 2147483647;
			files = (
				E1DF52B21A006DDC00ACEF6F /* Breaker_4_9Tests.swift in Sources */,
			);
			runOnlyForDeploymentPostprocessing = 0;
		};
/* End PBXSourcesBuildPhase section */

/* Begin PBXTargetDependency section */
		E1DF52AD1A006DDC00ACEF6F /* PBXTargetDependency */ = {
			isa = PBXTargetDependency;
			target = E1DF52951A006DDC00ACEF6F /* Breaker-4-9 */;
			targetProxy = E1DF52AC1A006DDC00ACEF6F /* PBXContainerItemProxy */;
		};
/* End PBXTargetDependency section */

/* Begin PBXVariantGroup section */
		E1DF529F1A006DDC00ACEF6F /* Main.storyboard */ = {
			isa = PBXVariantGroup;
			children = (
				E1DF52A01A006DDC00ACEF6F /* Base */,
			);
			name = Main.storyboard;
			sourceTree = "<group>";
		};
		E1DF52A41A006DDC00ACEF6F /* LaunchScreen.xib */ = {
			isa = PBXVariantGroup;
			children = (
				E1DF52A51A006DDC00ACEF6F /* Base */,
			);
			name = LaunchScreen.xib;
			sourceTree = "<group>";
		};
/* End PBXVariantGroup section */

/* Begin XCBuildConfiguration section */
		E1DF52B31A006DDC00ACEF6F /* Debug */ = {
			isa = XCBuildConfiguration;
			buildSettings = {
				ALWAYS_SEARCH_USER_PATHS = NO;
				CLANG_CXX_LANGUAGE_STANDARD = "gnu++0x";
				CLANG_CXX_LIBRARY = "libc++";
				CLANG_ENABLE_MODULES = YES;
				CLANG_ENABLE_OBJC_ARC = YES;
				CLANG_WARN_BOOL_CONVERSION = YES;
				CLANG_WARN_CONSTANT_CONVERSION = YES;
				CLANG_WARN_DIRECT_OBJC_ISA_USAGE = YES_ERROR;
				CLANG_WARN_EMPTY_BODY = YES;
				CLANG_WARN_ENUM_CONVERSION = YES;
				CLANG_WARN_INT_CONVERSION = YES;
				CLANG_WARN_OBJC_ROOT_CLASS = YES_ERROR;
				CLANG_WARN_UNREACHABLE_CODE = YES;
				CLANG_WARN__DUPLICATE_METHOD_MATCH = YES;
				"CODE_SIGN_IDENTITY[sdk=iphoneos*]" = "iPhone Developer";
				COPY_PHASE_STRIP = NO;
				ENABLE_STRICT_OBJC_MSGSEND = YES;
				GCC_C_LANGUAGE_STANDARD = gnu99;
				GCC_DYNAMIC_NO_PIC = NO;
				GCC_OPTIMIZATION_LEVEL = 0;
				GCC_PREPROCESSOR_DEFINITIONS = (
					"DEBUG=1",
					"$(inherited)",
				);
				GCC_SYMBOLS_PRIVATE_EXTERN = NO;
				GCC_WARN_64_TO_32_BIT_CONVERSION = YES;
				GCC_WARN_ABOUT_RETURN_TYPE = YES_ERROR;
				GCC_WARN_UNDECLARED_SELECTOR = YES;
				GCC_WARN_UNINITIALIZED_AUTOS = YES_AGGRESSIVE;
				GCC_WARN_UNUSED_FUNCTION = YES;
				GCC_WARN_UNUSED_VARIABLE = YES;
				IPHONEOS_DEPLOYMENT_TARGET = 8.0;
				MTL_ENABLE_DEBUG_INFO = YES;
				ONLY_ACTIVE_ARCH = YES;
				SDKROOT = iphoneos;
				SWIFT_OPTIMIZATION_LEVEL = "-Onone";
			};
			name = Debug;
		};
		E1DF52B41A006DDC00ACEF6F /* Release */ = {
			isa = XCBuildConfiguration;
			buildSettings = {
				ALWAYS_SEARCH_USER_PATHS = NO;
				CLANG_CXX_LANGUAGE_STANDARD = "gnu++0x";
				CLANG_CXX_LIBRARY = "libc++";
				CLANG_ENABLE_MODULES = YES;
				CLANG_ENABLE_OBJC_ARC = YES;
				CLANG_WARN_BOOL_CONVERSION = YES;
				CLANG_WARN_CONSTANT_CONVERSION = YES;
				CLANG_WARN_DIRECT_OBJC_ISA_USAGE = YES_ERROR;
				CLANG_WARN_EMPTY_BODY = YES;
				CLANG_WARN_ENUM_CONVERSION = YES;
				CLANG_WARN_INT_CONVERSION = YES;
				CLANG_WARN_OBJC_ROOT_CLASS = YES_ERROR;
				CLANG_WARN_UNREACHABLE_CODE = YES;
				CLANG_WARN__DUPLICATE_METHOD_MATCH = YES;
				"CODE_SIGN_IDENTITY[sdk=iphoneos*]" = "iPhone Developer";
				COPY_PHASE_STRIP = YES;
				ENABLE_NS_ASSERTIONS = NO;
				ENABLE_STRICT_OBJC_MSGSEND = YES;
				GCC_C_LANGUAGE_STANDARD = gnu99;
				GCC_WARN_64_TO_32_BIT_CONVERSION = YES;
				GCC_WARN_ABOUT_RETURN_TYPE = YES_ERROR;
				GCC_WARN_UNDECLARED_SELECTOR = YES;
				GCC_WARN_UNINITIALIZED_AUTOS = YES_AGGRESSIVE;
				GCC_WARN_UNUSED_FUNCTION = YES;
				GCC_WARN_UNUSED_VARIABLE = YES;
				IPHONEOS_DEPLOYMENT_TARGET = 8.0;
				MTL_ENABLE_DEBUG_INFO = NO;
				SDKROOT = iphoneos;
				VALIDATE_PRODUCT = YES;
			};
			name = Release;
		};
		E1DF52B61A006DDC00ACEF6F /* Debug */ = {
			isa = XCBuildConfiguration;
			buildSettings = {
				ASSETCATALOG_COMPILER_APPICON_NAME = AppIcon;
				INFOPLIST_FILE = "Breaker-4-9/Info.plist";
				LD_RUNPATH_SEARCH_PATHS = "$(inherited) @executable_path/Frameworks";
				PRODUCT_NAME = "$(TARGET_NAME)";
			};
			name = Debug;
		};
		E1DF52B71A006DDC00ACEF6F /* Release */ = {
			isa = XCBuildConfiguration;
			buildSettings = {
				ASSETCATALOG_COMPILER_APPICON_NAME = AppIcon;
				INFOPLIST_FILE = "Breaker-4-9/Info.plist";
				LD_RUNPATH_SEARCH_PATHS = "$(inherited) @executable_path/Frameworks";
				PRODUCT_NAME = "$(TARGET_NAME)";
			};
			name = Release;
		};
		E1DF52B91A006DDC00ACEF6F /* Debug */ = {
			isa = XCBuildConfiguration;
			buildSettings = {
				BUNDLE_LOADER = "$(TEST_HOST)";
				FRAMEWORK_SEARCH_PATHS = (
					"$(SDKROOT)/Developer/Library/Frameworks",
					"$(inherited)",
				);
				GCC_PREPROCESSOR_DEFINITIONS = (
					"DEBUG=1",
					"$(inherited)",
				);
				INFOPLIST_FILE = "Breaker-4-9Tests/Info.plist";
				LD_RUNPATH_SEARCH_PATHS = "$(inherited) @executable_path/Frameworks @loader_path/Frameworks";
				PRODUCT_NAME = "$(TARGET_NAME)";
				TEST_HOST = "$(BUILT_PRODUCTS_DIR)/Breaker-4-9.app/Breaker-4-9";
			};
			name = Debug;
		};
		E1DF52BA1A006DDC00ACEF6F /* Release */ = {
			isa = XCBuildConfiguration;
			buildSettings = {
				BUNDLE_LOADER = "$(TEST_HOST)";
				FRAMEWORK_SEARCH_PATHS = (
					"$(SDKROOT)/Developer/Library/Frameworks",
					"$(inherited)",
				);
				INFOPLIST_FILE = "Breaker-4-9Tests/Info.plist";
				LD_RUNPATH_SEARCH_PATHS = "$(inherited) @executable_path/Frameworks @loader_path/Frameworks";
				PRODUCT_NAME = "$(TARGET_NAME)";
				TEST_HOST = "$(BUILT_PRODUCTS_DIR)/Breaker-4-9.app/Breaker-4-9";
			};
			name = Release;
		};
/* End XCBuildConfiguration section */

/* Begin XCConfigurationList section */
		E1DF52911A006DDC00ACEF6F /* Build configuration list for PBXProject "Breaker-4-9" */ = {
			isa = XCConfigurationList;
			buildConfigurations = (
				E1DF52B31A006DDC00ACEF6F /* Debug */,
				E1DF52B41A006DDC00ACEF6F /* Release */,
			);
			defaultConfigurationIsVisible = 0;
			defaultConfigurationName = Release;
		};
		E1DF52B51A006DDC00ACEF6F /* Build configuration list for PBXNativeTarget "Breaker-4-9" */ = {
			isa = XCConfigurationList;
			buildConfigurations = (
				E1DF52B61A006DDC00ACEF6F /* Debug */,
				E1DF52B71A006DDC00ACEF6F /* Release */,
			);
			defaultConfigurationIsVisible = 0;
		};
		E1DF52B81A006DDC00ACEF6F /* Build configuration list for PBXNativeTarget "Breaker-4-9Tests" */ = {
			isa = XCConfigurationList;
			buildConfigurations = (
				E1DF52B91A006DDC00ACEF6F /* Debug */,
				E1DF52BA1A006DDC00ACEF6F /* Release */,
			);
			defaultConfigurationIsVisible = 0;
		};
/* End XCConfigurationList section */
	};
	rootObject = E1DF528E1A006DDC00ACEF6F /* Project object */;
}
